// !$*UTF8*$!
{
	archiveVersion = 1;
	classes = {
	};
	objectVersion = 50;
	objects = {

/* Begin PBXBuildFile section */
		3EBFB690254D52CA00F945A6 /* AppDelegate.swift in Sources */ = {isa = PBXBuildFile; fileRef = 3EBFB68F254D52CA00F945A6 /* AppDelegate.swift */; };
		3EBFB692254D52CA00F945A6 /* SceneDelegate.swift in Sources */ = {isa = PBXBuildFile; fileRef = 3EBFB691254D52CA00F945A6 /* SceneDelegate.swift */; };
		3EBFB699254D52CB00F945A6 /* Assets.xcassets in Resources */ = {isa = PBXBuildFile; fileRef = 3EBFB698254D52CB00F945A6 /* Assets.xcassets */; };
		3EBFB69C254D52CB00F945A6 /* LaunchScreen.storyboard in Resources */ = {isa = PBXBuildFile; fileRef = 3EBFB69A254D52CB00F945A6 /* LaunchScreen.storyboard */; };
		3EBFB6A6254D52FB00F945A6 /* Main.storyboard in Resources */ = {isa = PBXBuildFile; fileRef = 3EBFB6A5254D52FB00F945A6 /* Main.storyboard */; };
		3EBFB6AA254D532600F945A6 /* TableViewController.swift in Sources */ = {isa = PBXBuildFile; fileRef = 3EBFB6A9254D532600F945A6 /* TableViewController.swift */; };
		3EBFB6AD254D539D00F945A6 /* Notifications.swift in Sources */ = {isa = PBXBuildFile; fileRef = 3EBFB6AC254D539D00F945A6 /* Notifications.swift */; };
		3EBFB6B0254D6EC700F945A6 /* favicon.png in Resources */ = {isa = PBXBuildFile; fileRef = 3EBFB6AF254D6EC700F945A6 /* favicon.png */; };
		3EBFB6B9254D7E9E00F945A6 /* .gitignore in Resources */ = {isa = PBXBuildFile; fileRef = 3EBFB6B8254D7E9D00F945A6 /* .gitignore */; };
/* End PBXBuildFile section */

/* Begin PBXFileReference section */
		3EBFB68C254D52CA00F945A6 /* NotificationsDemo.app */ = {isa = PBXFileReference; explicitFileType = wrapper.application; includeInIndex = 0; path = NotificationsDemo.app; sourceTree = BUILT_PRODUCTS_DIR; };
		3EBFB68F254D52CA00F945A6 /* AppDelegate.swift */ = {isa = PBXFileReference; lastKnownFileType = sourcecode.swift; path = AppDelegate.swift; sourceTree = "<group>"; };
		3EBFB691254D52CA00F945A6 /* SceneDelegate.swift */ = {isa = PBXFileReference; lastKnownFileType = sourcecode.swift; path = SceneDelegate.swift; sourceTree = "<group>"; };
		3EBFB698254D52CB00F945A6 /* Assets.xcassets */ = {isa = PBXFileReference; lastKnownFileType = folder.assetcatalog; path = Assets.xcassets; sourceTree = "<group>"; };
		3EBFB69B254D52CB00F945A6 /* Base */ = {isa = PBXFileReference; lastKnownFileType = file.storyboard; name = Base; path = Base.lproj/LaunchScreen.storyboard; sourceTree = "<group>"; };
		3EBFB69D254D52CB00F945A6 /* Info.plist */ = {isa = PBXFileReference; lastKnownFileType = text.plist.xml; path = Info.plist; sourceTree = "<group>"; };
		3EBFB6A5254D52FB00F945A6 /* Main.storyboard */ = {isa = PBXFileReference; fileEncoding = 4; lastKnownFileType = file.storyboard; path = Main.storyboard; sourceTree = "<group>"; };
		3EBFB6A9254D532600F945A6 /* TableViewController.swift */ = {isa = PBXFileReference; lastKnownFileType = sourcecode.swift; path = TableViewController.swift; sourceTree = "<group>"; };
		3EBFB6AC254D539D00F945A6 /* Notifications.swift */ = {isa = PBXFileReference; lastKnownFileType = sourcecode.swift; path = Notifications.swift; sourceTree = "<group>"; };
		3EBFB6AF254D6EC700F945A6 /* favicon.png */ = {isa = PBXFileReference; lastKnownFileType = image.png; path = favicon.png; sourceTree = "<group>"; };
		3EBFB6B8254D7E9D00F945A6 /* .gitignore */ = {isa = PBXFileReference; lastKnownFileType = text; path = .gitignore; sourceTree = "<group>"; };
/* End PBXFileReference section */

/* Begin PBXFrameworksBuildPhase section */
		3EBFB689254D52CA00F945A6 /* Frameworks */ = {
			isa = PBXFrameworksBuildPhase;
			buildActionMask = 2147483647;
			files = (
			);
			runOnlyForDeploymentPostprocessing = 0;
		};
/* End PBXFrameworksBuildPhase section */

/* Begin PBXGroup section */
		3EBFB683254D52CA00F945A6 = {
			isa = PBXGroup;
			children = (
				3EBFB6B8254D7E9D00F945A6 /* .gitignore */,
				3EBFB68E254D52CA00F945A6 /* NotificationsDemo */,
				3EBFB68D254D52CA00F945A6 /* Products */,
			);
			sourceTree = "<group>";
		};
		3EBFB68D254D52CA00F945A6 /* Products */ = {
			isa = PBXGroup;
			children = (
				3EBFB68C254D52CA00F945A6 /* NotificationsDemo.app */,
			);
			name = Products;
			sourceTree = "<group>";
		};
		3EBFB68E254D52CA00F945A6 /* NotificationsDemo */ = {
			isa = PBXGroup;
			children = (
				3EBFB68F254D52CA00F945A6 /* AppDelegate.swift */,
				3EBFB691254D52CA00F945A6 /* SceneDelegate.swift */,
				3EBFB6A5254D52FB00F945A6 /* Main.storyboard */,
				3EBFB6AF254D6EC700F945A6 /* favicon.png */,
				3EBFB6AC254D539D00F945A6 /* Notifications.swift */,
				3EBFB6A9254D532600F945A6 /* TableViewController.swift */,
				3EBFB698254D52CB00F945A6 /* Assets.xcassets */,
				3EBFB69A254D52CB00F945A6 /* LaunchScreen.storyboard */,
				3EBFB69D254D52CB00F945A6 /* Info.plist */,
			);
			path = NotificationsDemo;
			sourceTree = "<group>";
		};
/* End PBXGroup section */

/* Begin PBXNativeTarget section */
		3EBFB68B254D52CA00F945A6 /* NotificationsDemo */ = {
			isa = PBXNativeTarget;
			buildConfigurationList = 3EBFB6A0254D52CB00F945A6 /* Build configuration list for PBXNativeTarget "NotificationsDemo" */;
			buildPhases = (
				3EBFB688254D52CA00F945A6 /* Sources */,
				3EBFB689254D52CA00F945A6 /* Frameworks */,
				3EBFB68A254D52CA00F945A6 /* Resources */,
			);
			buildRules = (
			);
			dependencies = (
			);
			name = NotificationsDemo;
			productName = NotificationsDemo;
			productReference = 3EBFB68C254D52CA00F945A6 /* NotificationsDemo.app */;
			productType = "com.apple.product-type.application";
		};
/* End PBXNativeTarget section */

/* Begin PBXProject section */
		3EBFB684254D52CA00F945A6 /* Project object */ = {
			isa = PBXProject;
			attributes = {
				LastSwiftUpdateCheck = 1210;
				LastUpgradeCheck = 1210;
				TargetAttributes = {
					3EBFB68B254D52CA00F945A6 = {
						CreatedOnToolsVersion = 12.1;
					};
				};
			};
			buildConfigurationList = 3EBFB687254D52CA00F945A6 /* Build configuration list for PBXProject "NotificationsDemo" */;
			compatibilityVersion = "Xcode 9.3";
			developmentRegion = en;
			hasScannedForEncodings = 0;
			knownRegions = (
				en,
				Base,
			);
			mainGroup = 3EBFB683254D52CA00F945A6;
			productRefGroup = 3EBFB68D254D52CA00F945A6 /* Products */;
			projectDirPath = "";
			projectRoot = "";
			targets = (
				3EBFB68B254D52CA00F945A6 /* NotificationsDemo */,
			);
		};
/* End PBXProject section */

/* Begin PBXResourcesBuildPhase section */
		3EBFB68A254D52CA00F945A6 /* Resources */ = {
			isa = PBXResourcesBuildPhase;
			buildActionMask = 2147483647;
			files = (
				3EBFB6B9254D7E9E00F945A6 /* .gitignore in Resources */,
				3EBFB6B0254D6EC700F945A6 /* favicon.png in Resources */,
				3EBFB6A6254D52FB00F945A6 /* Main.storyboard in Resources */,
				3EBFB69C254D52CB00F945A6 /* LaunchScreen.storyboard in Resources */,
				3EBFB699254D52CB00F945A6 /* Assets.xcassets in Resources */,
			);
			runOnlyForDeploymentPostprocessing = 0;
		};
/* End PBXResourcesBuildPhase section */

/* Begin PBXSourcesBuildPhase section */
		3EBFB688254D52CA00F945A6 /* Sources */ = {
			isa = PBXSourcesBuildPhase;
			buildActionMask = 2147483647;
			files = (
				3EBFB6AD254D539D00F945A6 /* Notifications.swift in Sources */,
				3EBFB690254D52CA00F945A6 /* AppDelegate.swift in Sources */,
				3EBFB6AA254D532600F945A6 /* TableViewController.swift in Sources */,
				3EBFB692254D52CA00F945A6 /* SceneDelegate.swift in Sources */,
			);
			runOnlyForDeploymentPostprocessing = 0;
		};
/* End PBXSourcesBuildPhase section */

/* Begin PBXVariantGroup section */
		3EBFB69A254D52CB00F945A6 /* LaunchScreen.storyboard */ = {
			isa = PBXVariantGroup;
			children = (
				3EBFB69B254D52CB00F945A6 /* Base */,
			);
			name = LaunchScreen.storyboard;
			sourceTree = "<group>";
		};
/* End PBXVariantGroup section */

/* Begin XCBuildConfiguration section */
		3EBFB69E254D52CB00F945A6 /* Debug */ = {
			isa = XCBuildConfiguration;
			buildSettings = {
				ALWAYS_SEARCH_USER_PATHS = NO;
				CLANG_ANALYZER_NONNULL = YES;
				CLANG_ANALYZER_NUMBER_OBJECT_CONVERSION = YES_AGGRESSIVE;
				CLANG_CXX_LANGUAGE_STANDARD = "gnu++14";
				CLANG_CXX_LIBRARY = "libc++";
				CLANG_ENABLE_MODULES = YES;
				CLANG_ENABLE_OBJC_ARC = YES;
				CLANG_ENABLE_OBJC_WEAK = YES;
				CLANG_WARN_BLOCK_CAPTURE_AUTORELEASING = YES;
				CLANG_WARN_BOOL_CONVERSION = YES;
				CLANG_WARN_COMMA = YES;
				CLANG_WARN_CONSTANT_CONVERSION = YES;
				CLANG_WARN_DEPRECATED_OBJC_IMPLEMENTATIONS = YES;
				CLANG_WARN_DIRECT_OBJC_ISA_USAGE = YES_ERROR;
				CLANG_WARN_DOCUMENTATION_COMMENTS = YES;
				CLANG_WARN_EMPTY_BODY = YES;
				CLANG_WARN_ENUM_CONVERSION = YES;
				CLANG_WARN_INFINITE_RECURSION = YES;
				CLANG_WARN_INT_CONVERSION = YES;
				CLANG_WARN_NON_LITERAL_NULL_CONVERSION = YES;
				CLANG_WARN_OBJC_IMPLICIT_RETAIN_SELF = YES;
				CLANG_WARN_OBJC_LITERAL_CONVERSION = YES;
				CLANG_WARN_OBJC_ROOT_CLASS = YES_ERROR;
				CLANG_WARN_QUOTED_INCLUDE_IN_FRAMEWORK_HEADER = YES;
				CLANG_WARN_RANGE_LOOP_ANALYSIS = YES;
				CLANG_WARN_STRICT_PROTOTYPES = YES;
				CLANG_WARN_SUSPICIOUS_MOVE = YES;
				CLANG_WARN_UNGUARDED_AVAILABILITY = YES_AGGRESSIVE;
				CLANG_WARN_UNREACHABLE_CODE = YES;
				CLANG_WARN__DUPLICATE_METHOD_MATCH = YES;
				COPY_PHASE_STRIP = NO;
				DEBUG_INFORMATION_FORMAT = dwarf;
				ENABLE_STRICT_OBJC_MSGSEND = YES;
				ENABLE_TESTABILITY = YES;
				GCC_C_LANGUAGE_STANDARD = gnu11;
				GCC_DYNAMIC_NO_PIC = NO;
				GCC_NO_COMMON_BLOCKS = YES;
				GCC_OPTIMIZATION_LEVEL = 0;
				GCC_PREPROCESSOR_DEFINITIONS = (
					"DEBUG=1",
					"$(inherited)",
				);
				GCC_WARN_64_TO_32_BIT_CONVERSION = YES;
				GCC_WARN_ABOUT_RETURN_TYPE = YES_ERROR;
				GCC_WARN_UNDECLARED_SELECTOR = YES;
				GCC_WARN_UNINITIALIZED_AUTOS = YES_AGGRESSIVE;
				GCC_WARN_UNUSED_FUNCTION = YES;
				GCC_WARN_UNUSED_VARIABLE = YES;
				IPHONEOS_DEPLOYMENT_TARGET = 14.0;
				MTL_ENABLE_DEBUG_INFO = INCLUDE_SOURCE;
				MTL_FAST_MATH = YES;
				ONLY_ACTIVE_ARCH = YES;
				SDKROOT = iphoneos;
				SWIFT_ACTIVE_COMPILATION_CONDITIONS = DEBUG;
				SWIFT_OPTIMIZATION_LEVEL = "-Onone";
			};
			name = Debug;
		};
		3EBFB69F254D52CB00F945A6 /* Release */ = {
			isa = XCBuildConfiguration;
			buildSettings = {
				ALWAYS_SEARCH_USER_PATHS = NO;
				CLANG_ANALYZER_NONNULL = YES;
				CLANG_ANALYZER_NUMBER_OBJECT_CONVERSION = YES_AGGRESSIVE;
				CLANG_CXX_LANGUAGE_STANDARD = "gnu++14";
				CLANG_CXX_LIBRARY = "libc++";
				CLANG_ENABLE_MODULES = YES;
				CLANG_ENABLE_OBJC_ARC = YES;
				CLANG_ENABLE_OBJC_WEAK = YES;
				CLANG_WARN_BLOCK_CAPTURE_AUTORELEASING = YES;
				CLANG_WARN_BOOL_CONVERSION = YES;
				CLANG_WARN_COMMA = YES;
				CLANG_WARN_CONSTANT_CONVERSION = YES;
				CLANG_WARN_DEPRECATED_OBJC_IMPLEMENTATIONS = YES;
				CLANG_WARN_DIRECT_OBJC_ISA_USAGE = YES_ERROR;
				CLANG_WARN_DOCUMENTATION_COMMENTS = YES;
				CLANG_WARN_EMPTY_BODY = YES;
				CLANG_WARN_ENUM_CONVERSION = YES;
				CLANG_WARN_INFINITE_RECURSION = YES;
				CLANG_WARN_INT_CONVERSION = YES;
				CLANG_WARN_NON_LITERAL_NULL_CONVERSION = YES;
				CLANG_WARN_OBJC_IMPLICIT_RETAIN_SELF = YES;
				CLANG_WARN_OBJC_LITERAL_CONVERSION = YES;
				CLANG_WARN_OBJC_ROOT_CLASS = YES_ERROR;
				CLANG_WARN_QUOTED_INCLUDE_IN_FRAMEWORK_HEADER = YES;
				CLANG_WARN_RANGE_LOOP_ANALYSIS = YES;
				CLANG_WARN_STRICT_PROTOTYPES = YES;
				CLANG_WARN_SUSPICIOUS_MOVE = YES;
				CLANG_WARN_UNGUARDED_AVAILABILITY = YES_AGGRESSIVE;
				CLANG_WARN_UNREACHABLE_CODE = YES;
				CLANG_WARN__DUPLICATE_METHOD_MATCH = YES;
				COPY_PHASE_STRIP = NO;
				DEBUG_INFORMATION_FORMAT = "dwarf-with-dsym";
				ENABLE_NS_ASSERTIONS = NO;
				ENABLE_STRICT_OBJC_MSGSEND = YES;
				GCC_C_LANGUAGE_STANDARD = gnu11;
				GCC_NO_COMMON_BLOCKS = YES;
				GCC_WARN_64_TO_32_BIT_CONVERSION = YES;
				GCC_WARN_ABOUT_RETURN_TYPE = YES_ERROR;
				GCC_WARN_UNDECLARED_SELECTOR = YES;
				GCC_WARN_UNINITIALIZED_AUTOS = YES_AGGRESSIVE;
				GCC_WARN_UNUSED_FUNCTION = YES;
				GCC_WARN_UNUSED_VARIABLE = YES;
				IPHONEOS_DEPLOYMENT_TARGET = 14.0;
				MTL_ENABLE_DEBUG_INFO = NO;
				MTL_FAST_MATH = YES;
				SDKROOT = iphoneos;
				SWIFT_COMPILATION_MODE = wholemodule;
				SWIFT_OPTIMIZATION_LEVEL = "-O";
				VALIDATE_PRODUCT = YES;
			};
			name = Release;
		};
		3EBFB6A1254D52CB00F945A6 /* Debug */ = {
			isa = XCBuildConfiguration;
			buildSettings = {
				ASSETCATALOG_COMPILER_APPICON_NAME = AppIcon;
				ASSETCATALOG_COMPILER_GLOBAL_ACCENT_COLOR_NAME = AccentColor;
				CODE_SIGN_STYLE = Automatic;
				DEVELOPMENT_TEAM = 69KGZLM7W9;
				INFOPLIST_FILE = NotificationsDemo/Info.plist;
				LD_RUNPATH_SEARCH_PATHS = (
					"$(inherited)",
					"@executable_path/Frameworks",
				);
				PRODUCT_BUNDLE_IDENTIFIER = com.segeyIvanov.NotificationsDemo;
				PRODUCT_NAME = "$(TARGET_NAME)";
				SWIFT_VERSION = 5.0;
				TARGETED_DEVICE_FAMILY = "1,2";
			};
			name = Debug;
		};
		3EBFB6A2254D52CB00F945A6 /* Release */ = {
			isa = XCBuildConfiguration;
			buildSettings = {
				ASSETCATALOG_COMPILER_APPICON_NAME = AppIcon;
				ASSETCATALOG_COMPILER_GLOBAL_ACCENT_COLOR_NAME = AccentColor;
				CODE_SIGN_STYLE = Automatic;
				DEVELOPMENT_TEAM = 69KGZLM7W9;
				INFOPLIST_FILE = NotificationsDemo/Info.plist;
				LD_RUNPATH_SEARCH_PATHS = (
					"$(inherited)",
					"@executable_path/Frameworks",
				);
				PRODUCT_BUNDLE_IDENTIFIER = com.segeyIvanov.NotificationsDemo;
				PRODUCT_NAME = "$(TARGET_NAME)";
				SWIFT_VERSION = 5.0;
				TARGETED_DEVICE_FAMILY = "1,2";
			};
			name = Release;
		};
/* End XCBuildConfiguration section */

/* Begin XCConfigurationList section */
		3EBFB687254D52CA00F945A6 /* Build configuration list for PBXProject "NotificationsDemo" */ = {
			isa = XCConfigurationList;
			buildConfigurations = (
				3EBFB69E254D52CB00F945A6 /* Debug */,
				3EBFB69F254D52CB00F945A6 /* Release */,
			);
			defaultConfigurationIsVisible = 0;
			defaultConfigurationName = Release;
		};
		3EBFB6A0254D52CB00F945A6 /* Build configuration list for PBXNativeTarget "NotificationsDemo" */ = {
			isa = XCConfigurationList;
			buildConfigurations = (
				3EBFB6A1254D52CB00F945A6 /* Debug */,
				3EBFB6A2254D52CB00F945A6 /* Release */,
			);
			defaultConfigurationIsVisible = 0;
			defaultConfigurationName = Release;
		};
/* End XCConfigurationList section */
	};
	rootObject = 3EBFB684254D52CA00F945A6 /* Project object */;
}
